// !$*UTF8*$!
{
	archiveVersion = 1;
	classes = {
	};
	objectVersion = 48;
	objects = {

/* Begin PBXBuildFile section */
		776B7ACEEA69040A264D8F65 /* Pods_MBProgressHUDSwift.framework in Frameworks */ = {isa = PBXBuildFile; fileRef = EC0041D5465B2890467F3B1B /* Pods_MBProgressHUDSwift.framework */; };
		C92B3223201C7D6900BE4D13 /* HudsController.swift in Sources */ = {isa = PBXBuildFile; fileRef = C92B3222201C7D6900BE4D13 /* HudsController.swift */; };
		C92B3225201C81F500BE4D13 /* HudCell.swift in Sources */ = {isa = PBXBuildFile; fileRef = C92B3224201C81F500BE4D13 /* HudCell.swift */; };
		C92B3227201C86B600BE4D13 /* Hud.swift in Sources */ = {isa = PBXBuildFile; fileRef = C92B3226201C86B600BE4D13 /* Hud.swift */; };
		C9D05422201B0ADC002AE739 /* AppDelegate.swift in Sources */ = {isa = PBXBuildFile; fileRef = C9D05421201B0ADC002AE739 /* AppDelegate.swift */; };
		C9D05424201B0ADC002AE739 /* ViewController.swift in Sources */ = {isa = PBXBuildFile; fileRef = C9D05423201B0ADC002AE739 /* ViewController.swift */; };
		C9D05429201B0ADC002AE739 /* Assets.xcassets in Resources */ = {isa = PBXBuildFile; fileRef = C9D05428201B0ADC002AE739 /* Assets.xcassets */; };
		C9D0542C201B0ADC002AE739 /* LaunchScreen.storyboard in Resources */ = {isa = PBXBuildFile; fileRef = C9D0542A201B0ADC002AE739 /* LaunchScreen.storyboard */; };
/* End PBXBuildFile section */

/* Begin PBXFileReference section */
		BA63C1E89BCAE7C3384C1D39 /* Pods-MBProgressHUDSwift.release.xcconfig */ = {isa = PBXFileReference; includeInIndex = 1; lastKnownFileType = text.xcconfig; name = "Pods-MBProgressHUDSwift.release.xcconfig"; path = "Pods/Target Support Files/Pods-MBProgressHUDSwift/Pods-MBProgressHUDSwift.release.xcconfig"; sourceTree = "<group>"; };
		C92B3222201C7D6900BE4D13 /* HudsController.swift */ = {isa = PBXFileReference; lastKnownFileType = sourcecode.swift; path = HudsController.swift; sourceTree = "<group>"; };
		C92B3224201C81F500BE4D13 /* HudCell.swift */ = {isa = PBXFileReference; lastKnownFileType = sourcecode.swift; path = HudCell.swift; sourceTree = "<group>"; };
		C92B3226201C86B600BE4D13 /* Hud.swift */ = {isa = PBXFileReference; lastKnownFileType = sourcecode.swift; path = Hud.swift; sourceTree = "<group>"; };
		C9D0541E201B0ADC002AE739 /* MBProgressHUDSwift.app */ = {isa = PBXFileReference; explicitFileType = wrapper.application; includeInIndex = 0; path = MBProgressHUDSwift.app; sourceTree = BUILT_PRODUCTS_DIR; };
		C9D05421201B0ADC002AE739 /* AppDelegate.swift */ = {isa = PBXFileReference; lastKnownFileType = sourcecode.swift; path = AppDelegate.swift; sourceTree = "<group>"; };
		C9D05423201B0ADC002AE739 /* ViewController.swift */ = {isa = PBXFileReference; lastKnownFileType = sourcecode.swift; path = ViewController.swift; sourceTree = "<group>"; };
		C9D05428201B0ADC002AE739 /* Assets.xcassets */ = {isa = PBXFileReference; lastKnownFileType = folder.assetcatalog; path = Assets.xcassets; sourceTree = "<group>"; };
		C9D0542B201B0ADC002AE739 /* Base */ = {isa = PBXFileReference; lastKnownFileType = file.storyboard; name = Base; path = Base.lproj/LaunchScreen.storyboard; sourceTree = "<group>"; };
		C9D0542D201B0ADC002AE739 /* Info.plist */ = {isa = PBXFileReference; lastKnownFileType = text.plist.xml; path = Info.plist; sourceTree = "<group>"; };
		EC0041D5465B2890467F3B1B /* Pods_MBProgressHUDSwift.framework */ = {isa = PBXFileReference; explicitFileType = wrapper.framework; includeInIndex = 0; path = Pods_MBProgressHUDSwift.framework; sourceTree = BUILT_PRODUCTS_DIR; };
		F99656ABF22ACF9037818C6E /* Pods-MBProgressHUDSwift.debug.xcconfig */ = {isa = PBXFileReference; includeInIndex = 1; lastKnownFileType = text.xcconfig; name = "Pods-MBProgressHUDSwift.debug.xcconfig"; path = "Pods/Target Support Files/Pods-MBProgressHUDSwift/Pods-MBProgressHUDSwift.debug.xcconfig"; sourceTree = "<group>"; };
/* End PBXFileReference section */

/* Begin PBXFrameworksBuildPhase section */
		C9D0541B201B0ADC002AE739 /* Frameworks */ = {
			isa = PBXFrameworksBuildPhase;
			buildActionMask = 2147483647;
			files = (
				776B7ACEEA69040A264D8F65 /* Pods_MBProgressHUDSwift.framework in Frameworks */,
			);
			runOnlyForDeploymentPostprocessing = 0;
		};
/* End PBXFrameworksBuildPhase section */

/* Begin PBXGroup section */
		6CCB5EF1B211E78F37BD8BD6 /* Pods */ = {
			isa = PBXGroup;
			children = (
				F99656ABF22ACF9037818C6E /* Pods-MBProgressHUDSwift.debug.xcconfig */,
				BA63C1E89BCAE7C3384C1D39 /* Pods-MBProgressHUDSwift.release.xcconfig */,
			);
			name = Pods;
			sourceTree = "<group>";
		};
		9A252F6696F4A532910D4D29 /* Frameworks */ = {
			isa = PBXGroup;
			children = (
				EC0041D5465B2890467F3B1B /* Pods_MBProgressHUDSwift.framework */,
			);
			name = Frameworks;
			sourceTree = "<group>";
		};
		C9D05415201B0ADC002AE739 = {
			isa = PBXGroup;
			children = (
				C9D05420201B0ADC002AE739 /* MBProgressHUDSwift */,
				C9D0541F201B0ADC002AE739 /* Products */,
				6CCB5EF1B211E78F37BD8BD6 /* Pods */,
				9A252F6696F4A532910D4D29 /* Frameworks */,
			);
			sourceTree = "<group>";
		};
		C9D0541F201B0ADC002AE739 /* Products */ = {
			isa = PBXGroup;
			children = (
				C9D0541E201B0ADC002AE739 /* MBProgressHUDSwift.app */,
			);
			name = Products;
			sourceTree = "<group>";
		};
		C9D05420201B0ADC002AE739 /* MBProgressHUDSwift */ = {
			isa = PBXGroup;
			children = (
				C9D05421201B0ADC002AE739 /* AppDelegate.swift */,
				C9D05423201B0ADC002AE739 /* ViewController.swift */,
				C9D05428201B0ADC002AE739 /* Assets.xcassets */,
				C9D0542A201B0ADC002AE739 /* LaunchScreen.storyboard */,
				C9D0542D201B0ADC002AE739 /* Info.plist */,
				C92B3222201C7D6900BE4D13 /* HudsController.swift */,
				C92B3224201C81F500BE4D13 /* HudCell.swift */,
				C92B3226201C86B600BE4D13 /* Hud.swift */,
			);
			path = MBProgressHUDSwift;
			sourceTree = "<group>";
		};
/* End PBXGroup section */

/* Begin PBXNativeTarget section */
		C9D0541D201B0ADC002AE739 /* MBProgressHUDSwift */ = {
			isa = PBXNativeTarget;
			buildConfigurationList = C9D05430201B0ADC002AE739 /* Build configuration list for PBXNativeTarget "MBProgressHUDSwift" */;
			buildPhases = (
				0759ADE2A24459E444432D38 /* [CP] Check Pods Manifest.lock */,
				C9D0541A201B0ADC002AE739 /* Sources */,
				C9D0541B201B0ADC002AE739 /* Frameworks */,
				C9D0541C201B0ADC002AE739 /* Resources */,
				366817355FA23C057EC1B8D6 /* [CP] Embed Pods Frameworks */,
				F1A57E9402E049C672ECD0C8 /* [CP] Copy Pods Resources */,
			);
			buildRules = (
			);
			dependencies = (
			);
			name = MBProgressHUDSwift;
			productName = MBProgressHUDSwift;
			productReference = C9D0541E201B0ADC002AE739 /* MBProgressHUDSwift.app */;
			productType = "com.apple.product-type.application";
		};
/* End PBXNativeTarget section */

/* Begin PBXProject section */
		C9D05416201B0ADC002AE739 /* Project object */ = {
			isa = PBXProject;
			attributes = {
				LastSwiftUpdateCheck = 0920;
				LastUpgradeCheck = 0920;
				ORGANIZATIONNAME = "Alex Nagy";
				TargetAttributes = {
					C9D0541D201B0ADC002AE739 = {
						CreatedOnToolsVersion = 9.2;
						ProvisioningStyle = Automatic;
					};
				};
			};
			buildConfigurationList = C9D05419201B0ADC002AE739 /* Build configuration list for PBXProject "MBProgressHUDSwift" */;
			compatibilityVersion = "Xcode 8.0";
			developmentRegion = en;
			hasScannedForEncodings = 0;
			knownRegions = (
				en,
				Base,
			);
			mainGroup = C9D05415201B0ADC002AE739;
			productRefGroup = C9D0541F201B0ADC002AE739 /* Products */;
			projectDirPath = "";
			projectRoot = "";
			targets = (
				C9D0541D201B0ADC002AE739 /* MBProgressHUDSwift */,
			);
		};
/* End PBXProject section */

/* Begin PBXResourcesBuildPhase section */
		C9D0541C201B0ADC002AE739 /* Resources */ = {
			isa = PBXResourcesBuildPhase;
			buildActionMask = 2147483647;
			files = (
				C9D0542C201B0ADC002AE739 /* LaunchScreen.storyboard in Resources */,
				C9D05429201B0ADC002AE739 /* Assets.xcassets in Resources */,
			);
			runOnlyForDeploymentPostprocessing = 0;
		};
/* End PBXResourcesBuildPhase section */

/* Begin PBXShellScriptBuildPhase section */
		0759ADE2A24459E444432D38 /* [CP] Check Pods Manifest.lock */ = {
			isa = PBXShellScriptBuildPhase;
			buildActionMask = 2147483647;
			files = (
			);
			inputPaths = (
				"${PODS_PODFILE_DIR_PATH}/Podfile.lock",
				"${PODS_ROOT}/Manifest.lock",
			);
			name = "[CP] Check Pods Manifest.lock";
			outputPaths = (
				"$(DERIVED_FILE_DIR)/Pods-MBProgressHUDSwift-checkManifestLockResult.txt",
			);
			runOnlyForDeploymentPostprocessing = 0;
			shellPath = /bin/sh;
			shellScript = "diff \"${PODS_PODFILE_DIR_PATH}/Podfile.lock\" \"${PODS_ROOT}/Manifest.lock\" > /dev/null\nif [ $? != 0 ] ; then\n    # print error to STDERR\n    echo \"error: The sandbox is not in sync with the Podfile.lock. Run 'pod install' or update your CocoaPods installation.\" >&2\n    exit 1\nfi\n# This output is used by Xcode 'outputs' to avoid re-running this script phase.\necho \"SUCCESS\" > \"${SCRIPT_OUTPUT_FILE_0}\"\n";
			showEnvVarsInLog = 0;
		};
		366817355FA23C057EC1B8D6 /* [CP] Embed Pods Frameworks */ = {
			isa = PBXShellScriptBuildPhase;
			buildActionMask = 2147483647;
			files = (
			);
			inputPaths = (
				"${SRCROOT}/Pods/Target Support Files/Pods-MBProgressHUDSwift/Pods-MBProgressHUDSwift-frameworks.sh",
				"${BUILT_PRODUCTS_DIR}/LBTAComponents/LBTAComponents.framework",
				"${BUILT_PRODUCTS_DIR}/MBProgressHUD/MBProgressHUD.framework",
			);
			name = "[CP] Embed Pods Frameworks";
			outputPaths = (
				"${TARGET_BUILD_DIR}/${FRAMEWORKS_FOLDER_PATH}/LBTAComponents.framework",
				"${TARGET_BUILD_DIR}/${FRAMEWORKS_FOLDER_PATH}/MBProgressHUD.framework",
			);
			runOnlyForDeploymentPostprocessing = 0;
			shellPath = /bin/sh;
			shellScript = "\"${SRCROOT}/Pods/Target Support Files/Pods-MBProgressHUDSwift/Pods-MBProgressHUDSwift-frameworks.sh\"\n";
			showEnvVarsInLog = 0;
		};
		F1A57E9402E049C672ECD0C8 /* [CP] Copy Pods Resources */ = {
			isa = PBXShellScriptBuildPhase;
			buildActionMask = 2147483647;
			files = (
			);
			inputPaths = (
			);
			name = "[CP] Copy Pods Resources";
			outputPaths = (
			);
			runOnlyForDeploymentPostprocessing = 0;
			shellPath = /bin/sh;
			shellScript = "\"${SRCROOT}/Pods/Target Support Files/Pods-MBProgressHUDSwift/Pods-MBProgressHUDSwift-resources.sh\"\n";
			showEnvVarsInLog = 0;
		};
/* End PBXShellScriptBuildPhase section */

/* Begin PBXSourcesBuildPhase section */
		C9D0541A201B0ADC002AE739 /* Sources */ = {
			isa = PBXSourcesBuildPhase;
			buildActionMask = 2147483647;
			files = (
				C92B3227201C86B600BE4D13 /* Hud.swift in Sources */,
				C92B3223201C7D6900BE4D13 /* HudsController.swift in Sources */,
				C92B3225201C81F500BE4D13 /* HudCell.swift in Sources */,
				C9D05424201B0ADC002AE739 /* ViewController.swift in Sources */,
				C9D05422201B0ADC002AE739 /* AppDelegate.swift in Sources */,
			);
			runOnlyForDeploymentPostprocessing = 0;
		};
/* End PBXSourcesBuildPhase section */

/* Begin PBXVariantGroup section */
		C9D0542A201B0ADC002AE739 /* LaunchScreen.storyboard */ = {
			isa = PBXVariantGroup;
			children = (
				C9D0542B201B0ADC002AE739 /* Base */,
			);
			name = LaunchScreen.storyboard;
			sourceTree = "<group>";
		};
/* End PBXVariantGroup section */

/* Begin XCBuildConfiguration section */
		C9D0542E201B0ADC002AE739 /* Debug */ = {
			isa = XCBuildConfiguration;
			buildSettings = {
				ALWAYS_SEARCH_USER_PATHS = NO;
				CLANG_ANALYZER_NONNULL = YES;
				CLANG_ANALYZER_NUMBER_OBJECT_CONVERSION = YES_AGGRESSIVE;
				CLANG_CXX_LANGUAGE_STANDARD = "gnu++14";
				CLANG_CXX_LIBRARY = "libc++";
				CLANG_ENABLE_MODULES = YES;
				CLANG_ENABLE_OBJC_ARC = YES;
				CLANG_WARN_BLOCK_CAPTURE_AUTORELEASING = YES;
				CLANG_WARN_BOOL_CONVERSION = YES;
				CLANG_WARN_COMMA = YES;
				CLANG_WARN_CONSTANT_CONVERSION = YES;
				CLANG_WARN_DIRECT_OBJC_ISA_USAGE = YES_ERROR;
				CLANG_WARN_DOCUMENTATION_COMMENTS = YES;
				CLANG_WARN_EMPTY_BODY = YES;
				CLANG_WARN_ENUM_CONVERSION = YES;
				CLANG_WARN_INFINITE_RECURSION = YES;
				CLANG_WARN_INT_CONVERSION = YES;
				CLANG_WARN_NON_LITERAL_NULL_CONVERSION = YES;
				CLANG_WARN_OBJC_LITERAL_CONVERSION = YES;
				CLANG_WARN_OBJC_ROOT_CLASS = YES_ERROR;
				CLANG_WARN_RANGE_LOOP_ANALYSIS = YES;
				CLANG_WARN_STRICT_PROTOTYPES = YES;
				CLANG_WARN_SUSPICIOUS_MOVE = YES;
				CLANG_WARN_UNGUARDED_AVAILABILITY = YES_AGGRESSIVE;
				CLANG_WARN_UNREACHABLE_CODE = YES;
				CLANG_WARN__DUPLICATE_METHOD_MATCH = YES;
				CODE_SIGN_IDENTITY = "iPhone Developer";
				COPY_PHASE_STRIP = NO;
				DEBUG_INFORMATION_FORMAT = dwarf;
				ENABLE_STRICT_OBJC_MSGSEND = YES;
				ENABLE_TESTABILITY = YES;
				GCC_C_LANGUAGE_STANDARD = gnu11;
				GCC_DYNAMIC_NO_PIC = NO;
				GCC_NO_COMMON_BLOCKS = YES;
				GCC_OPTIMIZATION_LEVEL = 0;
				GCC_PREPROCESSOR_DEFINITIONS = (
					"DEBUG=1",
					"$(inherited)",
				);
				GCC_WARN_64_TO_32_BIT_CONVERSION = YES;
				GCC_WARN_ABOUT_RETURN_TYPE = YES_ERROR;
				GCC_WARN_UNDECLARED_SELECTOR = YES;
				GCC_WARN_UNINITIALIZED_AUTOS = YES_AGGRESSIVE;
				GCC_WARN_UNUSED_FUNCTION = YES;
				GCC_WARN_UNUSED_VARIABLE = YES;
				IPHONEOS_DEPLOYMENT_TARGET = 11.2;
				MTL_ENABLE_DEBUG_INFO = YES;
				ONLY_ACTIVE_ARCH = YES;
				SDKROOT = iphoneos;
				SWIFT_ACTIVE_COMPILATION_CONDITIONS = DEBUG;
				SWIFT_OPTIMIZATION_LEVEL = "-Onone";
			};
			name = Debug;
		};
		C9D0542F201B0ADC002AE739 /* Release */ = {
			isa = XCBuildConfiguration;
			buildSettings = {
				ALWAYS_SEARCH_USER_PATHS = NO;
				CLANG_ANALYZER_NONNULL = YES;
				CLANG_ANALYZER_NUMBER_OBJECT_CONVERSION = YES_AGGRESSIVE;
				CLANG_CXX_LANGUAGE_STANDARD = "gnu++14";
				CLANG_CXX_LIBRARY = "libc++";
				CLANG_ENABLE_MODULES = YES;
				CLANG_ENABLE_OBJC_ARC = YES;
				CLANG_WARN_BLOCK_CAPTURE_AUTORELEASING = YES;
				CLANG_WARN_BOOL_CONVERSION = YES;
				CLANG_WARN_COMMA = YES;
				CLANG_WARN_CONSTANT_CONVERSION = YES;
				CLANG_WARN_DIRECT_OBJC_ISA_USAGE = YES_ERROR;
				CLANG_WARN_DOCUMENTATION_COMMENTS = YES;
				CLANG_WARN_EMPTY_BODY = YES;
				CLANG_WARN_ENUM_CONVERSION = YES;
				CLANG_WARN_INFINITE_RECURSION = YES;
				CLANG_WARN_INT_CONVERSION = YES;
				CLANG_WARN_NON_LITERAL_NULL_CONVERSION = YES;
				CLANG_WARN_OBJC_LITERAL_CONVERSION = YES;
				CLANG_WARN_OBJC_ROOT_CLASS = YES_ERROR;
				CLANG_WARN_RANGE_LOOP_ANALYSIS = YES;
				CLANG_WARN_STRICT_PROTOTYPES = YES;
				CLANG_WARN_SUSPICIOUS_MOVE = YES;
				CLANG_WARN_UNGUARDED_AVAILABILITY = YES_AGGRESSIVE;
				CLANG_WARN_UNREACHABLE_CODE = YES;
				CLANG_WARN__DUPLICATE_METHOD_MATCH = YES;
				CODE_SIGN_IDENTITY = "iPhone Developer";
				COPY_PHASE_STRIP = NO;
				DEBUG_INFORMATION_FORMAT = "dwarf-with-dsym";
				ENABLE_NS_ASSERTIONS = NO;
				ENABLE_STRICT_OBJC_MSGSEND = YES;
				GCC_C_LANGUAGE_STANDARD = gnu11;
				GCC_NO_COMMON_BLOCKS = YES;
				GCC_WARN_64_TO_32_BIT_CONVERSION = YES;
				GCC_WARN_ABOUT_RETURN_TYPE = YES_ERROR;
				GCC_WARN_UNDECLARED_SELECTOR = YES;
				GCC_WARN_UNINITIALIZED_AUTOS = YES_AGGRESSIVE;
				GCC_WARN_UNUSED_FUNCTION = YES;
				GCC_WARN_UNUSED_VARIABLE = YES;
				IPHONEOS_DEPLOYMENT_TARGET = 11.2;
				MTL_ENABLE_DEBUG_INFO = NO;
				SDKROOT = iphoneos;
				SWIFT_OPTIMIZATION_LEVEL = "-Owholemodule";
				VALIDATE_PRODUCT = YES;
			};
			name = Release;
		};
		C9D05431201B0ADC002AE739 /* Debug */ = {
			isa = XCBuildConfiguration;
			baseConfigurationReference = F99656ABF22ACF9037818C6E /* Pods-MBProgressHUDSwift.debug.xcconfig */;
			buildSettings = {
				ASSETCATALOG_COMPILER_APPICON_NAME = AppIcon;
				CODE_SIGN_STYLE = Automatic;
				DEVELOPMENT_TEAM = R252PR8AVU;
				INFOPLIST_FILE = MBProgressHUDSwift/Info.plist;
				LD_RUNPATH_SEARCH_PATHS = "$(inherited) @executable_path/Frameworks";
				PRODUCT_BUNDLE_IDENTIFIER = com.Rebeloper.MBProgressHUDSwift;
				PRODUCT_NAME = "$(TARGET_NAME)";
				SWIFT_VERSION = 4.0;
				TARGETED_DEVICE_FAMILY = "1,2";
			};
			name = Debug;
		};
		C9D05432201B0ADC002AE739 /* Release */ = {
			isa = XCBuildConfiguration;
			baseConfigurationReference = BA63C1E89BCAE7C3384C1D39 /* Pods-MBProgressHUDSwift.release.xcconfig */;
			buildSettings = {
				ASSETCATALOG_COMPILER_APPICON_NAME = AppIcon;
				CODE_SIGN_STYLE = Automatic;
				DEVELOPMENT_TEAM = R252PR8AVU;
				INFOPLIST_FILE = MBProgressHUDSwift/Info.plist;
				LD_RUNPATH_SEARCH_PATHS = "$(inherited) @executable_path/Frameworks";
				PRODUCT_BUNDLE_IDENTIFIER = com.Rebeloper.MBProgressHUDSwift;
				PRODUCT_NAME = "$(TARGET_NAME)";
				SWIFT_VERSION = 4.0;
				TARGETED_DEVICE_FAMILY = "1,2";
			};
			name = Release;
		};
/* End XCBuildConfiguration section */

/* Begin XCConfigurationList section */
		C9D05419201B0ADC002AE739 /* Build configuration list for PBXProject "MBProgressHUDSwift" */ = {
			isa = XCConfigurationList;
			buildConfigurations = (
				C9D0542E201B0ADC002AE739 /* Debug */,
				C9D0542F201B0ADC002AE739 /* Release */,
			);
			defaultConfigurationIsVisible = 0;
			defaultConfigurationName = Release;
		};
		C9D05430201B0ADC002AE739 /* Build configuration list for PBXNativeTarget "MBProgressHUDSwift" */ = {
			isa = XCConfigurationList;
			buildConfigurations = (
				C9D05431201B0ADC002AE739 /* Debug */,
				C9D05432201B0ADC002AE739 /* Release */,
			);
			defaultConfigurationIsVisible = 0;
			defaultConfigurationName = Release;
		};
/* End XCConfigurationList section */
	};
	rootObject = C9D05416201B0ADC002AE739 /* Project object */;
}
